
Microsoft Visual Studio Solution File, Format Version 12.00
# Visual Studio Version 17
VisualStudioVersion = 17.9.34728.123
MinimumVisualStudioVersion = 10.0.40219.1
Project("{FAE04EC0-301F-11D3-BF4B-00C04F79EFBC}") = "ProyectoMCD", "ProyectoMCD\ProyectoMCD.csproj", "{667DD1DD-2AD0-4BB7-A8FA-8BBAB80A0EB4}"
EndProject
Project("{FAE04EC0-301F-11D3-BF4B-00C04F79EFBC}") = "UnitTestProjectMCD", "UnitTestProjectMCD\UnitTestProjectMCD.csproj", "{01ACCC2B-3C4D-4056-B139-11F27550D1E4}"
EndProject
Global
	GlobalSection(SolutionConfigurationPlatforms) = preSolution
		Debug|Any CPU = Debug|Any CPU
		Release|Any CPU = Release|Any CPU
	EndGlobalSection
	GlobalSection(ProjectConfigurationPlatforms) = postSolution
		{667DD1DD-2AD0-4BB7-A8FA-8BBAB80A0EB4}.Debug|Any CPU.ActiveCfg = Debug|Any CPU
		{667DD1DD-2AD0-4BB7-A8FA-8BBAB80A0EB4}.Debug|Any CPU.Build.0 = Debug|Any CPU
		{667DD1DD-2AD0-4BB7-A8FA-8BBAB80A0EB4}.Release|Any CPU.ActiveCfg = Release|Any CPU
		{667DD1DD-2AD0-4BB7-A8FA-8BBAB80A0EB4}.Release|Any CPU.Build.0 = Release|Any CPU
		{01ACCC2B-3C4D-4056-B139-11F27550D1E4}.Debug|Any CPU.ActiveCfg = Debug|Any CPU
		{01ACCC2B-3C4D-4056-B139-11F27550D1E4}.Debug|Any CPU.Build.0 = Debug|Any CPU
		{01ACCC2B-3C4D-4056-B139-11F27550D1E4}.Release|Any CPU.ActiveCfg = Release|Any CPU
		{01ACCC2B-3C4D-4056-B139-11F27550D1E4}.Release|Any CPU.Build.0 = Release|Any CPU
	EndGlobalSection
	GlobalSection(SolutionProperties) = preSolution
		HideSolutionNode = FALSE
	EndGlobalSection
	GlobalSection(ExtensibilityGlobals) = postSolution
		SolutionGuid = {C27A91A1-0E14-4BDB-8BF6-03DE6E7FC3FC}
	EndGlobalSection
EndGlobal
